// !$*UTF8*$!
{
	archiveVersion = 1;
	classes = {
	};
	objectVersion = 46;
	objects = {

/* Begin PBXBuildFile section */
		1A2BA3702262317000F4F468 /* TestViewController.swift in Sources */ = {isa = PBXBuildFile; fileRef = 1A2BA36F2262317000F4F468 /* TestViewController.swift */; };
		1A3C5E56225FB6C000963291 /* ViewPager.swift in Sources */ = {isa = PBXBuildFile; fileRef = 1A3C5E55225FB6C000963291 /* ViewPager.swift */; };
		30CA0C751E286E2000568C25 /* ViewPagerOptions.swift in Sources */ = {isa = PBXBuildFile; fileRef = 30CA0C711E286E2000568C25 /* ViewPagerOptions.swift */; };
		30CA0C761E286E2000568C25 /* ViewPagerTab.swift in Sources */ = {isa = PBXBuildFile; fileRef = 30CA0C721E286E2000568C25 /* ViewPagerTab.swift */; };
		30CA0C771E286E2000568C25 /* ViewPagerTabView.swift in Sources */ = {isa = PBXBuildFile; fileRef = 30CA0C731E286E2000568C25 /* ViewPagerTabView.swift */; };
		5F7D16D01C6A1F80006B63C2 /* AppDelegate.swift in Sources */ = {isa = PBXBuildFile; fileRef = 5F7D16CF1C6A1F80006B63C2 /* AppDelegate.swift */; };
		5F7D16D51C6A1F80006B63C2 /* Main.storyboard in Resources */ = {isa = PBXBuildFile; fileRef = 5F7D16D31C6A1F80006B63C2 /* Main.storyboard */; };
		5F7D16D71C6A1F80006B63C2 /* Assets.xcassets in Resources */ = {isa = PBXBuildFile; fileRef = 5F7D16D61C6A1F80006B63C2 /* Assets.xcassets */; };
		5F7D16DA1C6A1F80006B63C2 /* LaunchScreen.storyboard in Resources */ = {isa = PBXBuildFile; fileRef = 5F7D16D81C6A1F80006B63C2 /* LaunchScreen.storyboard */; };
		5F7D16E41C6A226C006B63C2 /* MainViewController.swift in Sources */ = {isa = PBXBuildFile; fileRef = 5F7D16E31C6A226C006B63C2 /* MainViewController.swift */; };
		5F7D16F01C6A3451006B63C2 /* ItemViewController.swift in Sources */ = {isa = PBXBuildFile; fileRef = 5F7D16EF1C6A3451006B63C2 /* ItemViewController.swift */; };
/* End PBXBuildFile section */

/* Begin PBXFileReference section */
		1A2BA36F2262317000F4F468 /* TestViewController.swift */ = {isa = PBXFileReference; lastKnownFileType = sourcecode.swift; path = TestViewController.swift; sourceTree = "<group>"; };
		1A3C5E55225FB6C000963291 /* ViewPager.swift */ = {isa = PBXFileReference; lastKnownFileType = sourcecode.swift; path = ViewPager.swift; sourceTree = "<group>"; };
		30CA0C711E286E2000568C25 /* ViewPagerOptions.swift */ = {isa = PBXFileReference; fileEncoding = 4; lastKnownFileType = sourcecode.swift; name = ViewPagerOptions.swift; path = Core/ViewPagerOptions.swift; sourceTree = "<group>"; };
		30CA0C721E286E2000568C25 /* ViewPagerTab.swift */ = {isa = PBXFileReference; fileEncoding = 4; lastKnownFileType = sourcecode.swift; name = ViewPagerTab.swift; path = Core/ViewPagerTab.swift; sourceTree = "<group>"; };
		30CA0C731E286E2000568C25 /* ViewPagerTabView.swift */ = {isa = PBXFileReference; fileEncoding = 4; lastKnownFileType = sourcecode.swift; name = ViewPagerTabView.swift; path = Core/ViewPagerTabView.swift; sourceTree = "<group>"; };
		5F7D16CC1C6A1F80006B63C2 /* ViewPager-Swift.app */ = {isa = PBXFileReference; explicitFileType = wrapper.application; includeInIndex = 0; path = "ViewPager-Swift.app"; sourceTree = BUILT_PRODUCTS_DIR; };
		5F7D16CF1C6A1F80006B63C2 /* AppDelegate.swift */ = {isa = PBXFileReference; lastKnownFileType = sourcecode.swift; path = AppDelegate.swift; sourceTree = "<group>"; };
		5F7D16D41C6A1F80006B63C2 /* Base */ = {isa = PBXFileReference; lastKnownFileType = file.storyboard; name = Base; path = Base.lproj/Main.storyboard; sourceTree = "<group>"; };
		5F7D16D61C6A1F80006B63C2 /* Assets.xcassets */ = {isa = PBXFileReference; lastKnownFileType = folder.assetcatalog; path = Assets.xcassets; sourceTree = "<group>"; };
		5F7D16D91C6A1F80006B63C2 /* Base */ = {isa = PBXFileReference; lastKnownFileType = file.storyboard; name = Base; path = Base.lproj/LaunchScreen.storyboard; sourceTree = "<group>"; };
		5F7D16DB1C6A1F80006B63C2 /* Info.plist */ = {isa = PBXFileReference; lastKnownFileType = text.plist.xml; path = Info.plist; sourceTree = "<group>"; };
		5F7D16E31C6A226C006B63C2 /* MainViewController.swift */ = {isa = PBXFileReference; fileEncoding = 4; lastKnownFileType = sourcecode.swift; path = MainViewController.swift; sourceTree = "<group>"; };
		5F7D16EF1C6A3451006B63C2 /* ItemViewController.swift */ = {isa = PBXFileReference; fileEncoding = 4; lastKnownFileType = sourcecode.swift; path = ItemViewController.swift; sourceTree = "<group>"; };
/* End PBXFileReference section */

/* Begin PBXFrameworksBuildPhase section */
		5F7D16C91C6A1F80006B63C2 /* Frameworks */ = {
			isa = PBXFrameworksBuildPhase;
			buildActionMask = 2147483647;
			files = (
			);
			runOnlyForDeploymentPostprocessing = 0;
		};
/* End PBXFrameworksBuildPhase section */

/* Begin PBXGroup section */
		307AB1F11E24CAEE00DA89CD /* ViewPager */ = {
			isa = PBXGroup;
			children = (
				30CA0C711E286E2000568C25 /* ViewPagerOptions.swift */,
				30CA0C721E286E2000568C25 /* ViewPagerTab.swift */,
				30CA0C731E286E2000568C25 /* ViewPagerTabView.swift */,
				1A3C5E55225FB6C000963291 /* ViewPager.swift */,
			);
			name = ViewPager;
			sourceTree = "<group>";
		};
		5F7D16C31C6A1F80006B63C2 = {
			isa = PBXGroup;
			children = (
				5F7D16CE1C6A1F80006B63C2 /* ViewPager-Swift */,
				5F7D16CD1C6A1F80006B63C2 /* Products */,
			);
			sourceTree = "<group>";
		};
		5F7D16CD1C6A1F80006B63C2 /* Products */ = {
			isa = PBXGroup;
			children = (
				5F7D16CC1C6A1F80006B63C2 /* ViewPager-Swift.app */,
			);
			name = Products;
			sourceTree = "<group>";
		};
		5F7D16CE1C6A1F80006B63C2 /* ViewPager-Swift */ = {
			isa = PBXGroup;
			children = (
				307AB1F11E24CAEE00DA89CD /* ViewPager */,
				5F7D16CF1C6A1F80006B63C2 /* AppDelegate.swift */,
				5F7D16D31C6A1F80006B63C2 /* Main.storyboard */,
				5F7D16D61C6A1F80006B63C2 /* Assets.xcassets */,
				5F7D16D81C6A1F80006B63C2 /* LaunchScreen.storyboard */,
				5F7D16DB1C6A1F80006B63C2 /* Info.plist */,
				5F7D16E31C6A226C006B63C2 /* MainViewController.swift */,
				5F7D16EF1C6A3451006B63C2 /* ItemViewController.swift */,
				1A2BA36F2262317000F4F468 /* TestViewController.swift */,
			);
			path = "ViewPager-Swift";
			sourceTree = "<group>";
		};
/* End PBXGroup section */

/* Begin PBXNativeTarget section */
		5F7D16CB1C6A1F80006B63C2 /* ViewPager-Swift */ = {
			isa = PBXNativeTarget;
			buildConfigurationList = 5F7D16DE1C6A1F80006B63C2 /* Build configuration list for PBXNativeTarget "ViewPager-Swift" */;
			buildPhases = (
				5F7D16C81C6A1F80006B63C2 /* Sources */,
				5F7D16C91C6A1F80006B63C2 /* Frameworks */,
				5F7D16CA1C6A1F80006B63C2 /* Resources */,
			);
			buildRules = (
			);
			dependencies = (
			);
			name = "ViewPager-Swift";
			productName = "ViewPager-Swift";
			productReference = 5F7D16CC1C6A1F80006B63C2 /* ViewPager-Swift.app */;
			productType = "com.apple.product-type.application";
		};
/* End PBXNativeTarget section */

/* Begin PBXProject section */
		5F7D16C41C6A1F80006B63C2 /* Project object */ = {
			isa = PBXProject;
			attributes = {
				LastSwiftUpdateCheck = 0720;
				LastUpgradeCheck = 1020;
				ORGANIZATIONNAME = Nishan;
				TargetAttributes = {
					5F7D16CB1C6A1F80006B63C2 = {
						CreatedOnToolsVersion = 7.2;
						DevelopmentTeam = D2M462CEG4;
						LastSwiftMigration = 1020;
					};
				};
			};
			buildConfigurationList = 5F7D16C71C6A1F80006B63C2 /* Build configuration list for PBXProject "ViewPager-Swift" */;
			compatibilityVersion = "Xcode 3.2";
			developmentRegion = en;
			hasScannedForEncodings = 0;
			knownRegions = (
				en,
				Base,
			);
			mainGroup = 5F7D16C31C6A1F80006B63C2;
			productRefGroup = 5F7D16CD1C6A1F80006B63C2 /* Products */;
			projectDirPath = "";
			projectRoot = "";
			targets = (
				5F7D16CB1C6A1F80006B63C2 /* ViewPager-Swift */,
			);
		};
/* End PBXProject section */

/* Begin PBXResourcesBuildPhase section */
		5F7D16CA1C6A1F80006B63C2 /* Resources */ = {
			isa = PBXResourcesBuildPhase;
			buildActionMask = 2147483647;
			files = (
				5F7D16DA1C6A1F80006B63C2 /* LaunchScreen.storyboard in Resources */,
				5F7D16D71C6A1F80006B63C2 /* Assets.xcassets in Resources */,
				5F7D16D51C6A1F80006B63C2 /* Main.storyboard in Resources */,
			);
			runOnlyForDeploymentPostprocessing = 0;
		};
/* End PBXResourcesBuildPhase section */

/* Begin PBXSourcesBuildPhase section */
		5F7D16C81C6A1F80006B63C2 /* Sources */ = {
			isa = PBXSourcesBuildPhase;
			buildActionMask = 2147483647;
			files = (
				5F7D16F01C6A3451006B63C2 /* ItemViewController.swift in Sources */,
				5F7D16D01C6A1F80006B63C2 /* AppDelegate.swift in Sources */,
				30CA0C761E286E2000568C25 /* ViewPagerTab.swift in Sources */,
				1A3C5E56225FB6C000963291 /* ViewPager.swift in Sources */,
				30CA0C751E286E2000568C25 /* ViewPagerOptions.swift in Sources */,
				5F7D16E41C6A226C006B63C2 /* MainViewController.swift in Sources */,
				1A2BA3702262317000F4F468 /* TestViewController.swift in Sources */,
				30CA0C771E286E2000568C25 /* ViewPagerTabView.swift in Sources */,
			);
			runOnlyForDeploymentPostprocessing = 0;
		};
/* End PBXSourcesBuildPhase section */

/* Begin PBXVariantGroup section */
		5F7D16D31C6A1F80006B63C2 /* Main.storyboard */ = {
			isa = PBXVariantGroup;
			children = (
				5F7D16D41C6A1F80006B63C2 /* Base */,
			);
			name = Main.storyboard;
			sourceTree = "<group>";
		};
		5F7D16D81C6A1F80006B63C2 /* LaunchScreen.storyboard */ = {
			isa = PBXVariantGroup;
			children = (
				5F7D16D91C6A1F80006B63C2 /* Base */,
			);
			name = LaunchScreen.storyboard;
			sourceTree = "<group>";
		};
/* End PBXVariantGroup section */

/* Begin XCBuildConfiguration section */
		5F7D16DC1C6A1F80006B63C2 /* Debug */ = {
			isa = XCBuildConfiguration;
			buildSettings = {
				ALWAYS_SEARCH_USER_PATHS = NO;
				CLANG_ANALYZER_LOCALIZABILITY_NONLOCALIZED = YES;
				CLANG_CXX_LANGUAGE_STANDARD = "gnu++0x";
				CLANG_CXX_LIBRARY = "libc++";
				CLANG_ENABLE_MODULES = YES;
				CLANG_ENABLE_OBJC_ARC = YES;
				CLANG_WARN_BLOCK_CAPTURE_AUTORELEASING = YES;
				CLANG_WARN_BOOL_CONVERSION = YES;
				CLANG_WARN_COMMA = YES;
				CLANG_WARN_CONSTANT_CONVERSION = YES;
				CLANG_WARN_DEPRECATED_OBJC_IMPLEMENTATIONS = YES;
				CLANG_WARN_DIRECT_OBJC_ISA_USAGE = YES_ERROR;
				CLANG_WARN_EMPTY_BODY = YES;
				CLANG_WARN_ENUM_CONVERSION = YES;
				CLANG_WARN_INFINITE_RECURSION = YES;
				CLANG_WARN_INT_CONVERSION = YES;
				CLANG_WARN_NON_LITERAL_NULL_CONVERSION = YES;
				CLANG_WARN_OBJC_IMPLICIT_RETAIN_SELF = YES;
				CLANG_WARN_OBJC_LITERAL_CONVERSION = YES;
				CLANG_WARN_OBJC_ROOT_CLASS = YES_ERROR;
				CLANG_WARN_RANGE_LOOP_ANALYSIS = YES;
				CLANG_WARN_STRICT_PROTOTYPES = YES;
				CLANG_WARN_SUSPICIOUS_MOVE = YES;
				CLANG_WARN_UNREACHABLE_CODE = YES;
				CLANG_WARN__DUPLICATE_METHOD_MATCH = YES;
				"CODE_SIGN_IDENTITY[sdk=iphoneos*]" = "iPhone Developer";
				COPY_PHASE_STRIP = NO;
				DEBUG_INFORMATION_FORMAT = dwarf;
				ENABLE_STRICT_OBJC_MSGSEND = YES;
				ENABLE_TESTABILITY = YES;
				GCC_C_LANGUAGE_STANDARD = gnu99;
				GCC_DYNAMIC_NO_PIC = NO;
				GCC_NO_COMMON_BLOCKS = YES;
				GCC_OPTIMIZATION_LEVEL = 0;
				GCC_PREPROCESSOR_DEFINITIONS = (
					"DEBUG=1",
					"$(inherited)",
				);
				GCC_WARN_64_TO_32_BIT_CONVERSION = YES;
				GCC_WARN_ABOUT_RETURN_TYPE = YES_ERROR;
				GCC_WARN_UNDECLARED_SELECTOR = YES;
				GCC_WARN_UNINITIALIZED_AUTOS = YES_AGGRESSIVE;
				GCC_WARN_UNUSED_FUNCTION = YES;
				GCC_WARN_UNUSED_VARIABLE = YES;
				IPHONEOS_DEPLOYMENT_TARGET = 9.0;
				MTL_ENABLE_DEBUG_INFO = YES;
				ONLY_ACTIVE_ARCH = YES;
				SDKROOT = iphoneos;
				SWIFT_OPTIMIZATION_LEVEL = "-Onone";
				TARGETED_DEVICE_FAMILY = "1,2";
			};
			name = Debug;
		};
		5F7D16DD1C6A1F80006B63C2 /* Release */ = {
			isa = XCBuildConfiguration;
			buildSettings = {
				ALWAYS_SEARCH_USER_PATHS = NO;
				CLANG_ANALYZER_LOCALIZABILITY_NONLOCALIZED = YES;
				CLANG_CXX_LANGUAGE_STANDARD = "gnu++0x";
				CLANG_CXX_LIBRARY = "libc++";
				CLANG_ENABLE_MODULES = YES;
				CLANG_ENABLE_OBJC_ARC = YES;
				CLANG_WARN_BLOCK_CAPTURE_AUTORELEASING = YES;
				CLANG_WARN_BOOL_CONVERSION = YES;
				CLANG_WARN_COMMA = YES;
				CLANG_WARN_CONSTANT_CONVERSION = YES;
				CLANG_WARN_DEPRECATED_OBJC_IMPLEMENTATIONS = YES;
				CLANG_WARN_DIRECT_OBJC_ISA_USAGE = YES_ERROR;
				CLANG_WARN_EMPTY_BODY = YES;
				CLANG_WARN_ENUM_CONVERSION = YES;
				CLANG_WARN_INFINITE_RECURSION = YES;
				CLANG_WARN_INT_CONVERSION = YES;
				CLANG_WARN_NON_LITERAL_NULL_CONVERSION = YES;
				CLANG_WARN_OBJC_IMPLICIT_RETAIN_SELF = YES;
				CLANG_WARN_OBJC_LITERAL_CONVERSION = YES;
				CLANG_WARN_OBJC_ROOT_CLASS = YES_ERROR;
				CLANG_WARN_RANGE_LOOP_ANALYSIS = YES;
				CLANG_WARN_STRICT_PROTOTYPES = YES;
				CLANG_WARN_SUSPICIOUS_MOVE = YES;
				CLANG_WARN_UNREACHABLE_CODE = YES;
				CLANG_WARN__DUPLICATE_METHOD_MATCH = YES;
				"CODE_SIGN_IDENTITY[sdk=iphoneos*]" = "iPhone Developer";
				COPY_PHASE_STRIP = NO;
				DEBUG_INFORMATION_FORMAT = "dwarf-with-dsym";
				ENABLE_NS_ASSERTIONS = NO;
				ENABLE_STRICT_OBJC_MSGSEND = YES;
				GCC_C_LANGUAGE_STANDARD = gnu99;
				GCC_NO_COMMON_BLOCKS = YES;
				GCC_WARN_64_TO_32_BIT_CONVERSION = YES;
				GCC_WARN_ABOUT_RETURN_TYPE = YES_ERROR;
				GCC_WARN_UNDECLARED_SELECTOR = YES;
				GCC_WARN_UNINITIALIZED_AUTOS = YES_AGGRESSIVE;
				GCC_WARN_UNUSED_FUNCTION = YES;
				GCC_WARN_UNUSED_VARIABLE = YES;
				IPHONEOS_DEPLOYMENT_TARGET = 9.0;
				MTL_ENABLE_DEBUG_INFO = NO;
				SDKROOT = iphoneos;
				SWIFT_OPTIMIZATION_LEVEL = "-Owholemodule";
				TARGETED_DEVICE_FAMILY = "1,2";
				VALIDATE_PRODUCT = YES;
			};
			name = Release;
		};
		5F7D16DF1C6A1F80006B63C2 /* Debug */ = {
			isa = XCBuildConfiguration;
			buildSettings = {
				ASSETCATALOG_COMPILER_APPICON_NAME = AppIcon;
				ASSETCATALOG_COMPILER_LAUNCHIMAGE_NAME = "Brand Assets";
				DEVELOPMENT_TEAM = D2M462CEG4;
				INFOPLIST_FILE = "ViewPager-Swift/Info.plist";
				LD_RUNPATH_SEARCH_PATHS = "$(inherited) @executable_path/Frameworks";
				PRODUCT_BUNDLE_IDENTIFIER = "com.nishan.ViewPager-Swift";
				PRODUCT_NAME = "$(TARGET_NAME)";
				SWIFT_VERSION = 5.0;
			};
			name = Debug;
		};
		5F7D16E01C6A1F80006B63C2 /* Release */ = {
			isa = XCBuildConfiguration;
			buildSettings = {
				ASSETCATALOG_COMPILER_APPICON_NAME = AppIcon;
				ASSETCATALOG_COMPILER_LAUNCHIMAGE_NAME = "Brand Assets";
				DEVELOPMENT_TEAM = D2M462CEG4;
				INFOPLIST_FILE = "ViewPager-Swift/Info.plist";
				LD_RUNPATH_SEARCH_PATHS = "$(inherited) @executable_path/Frameworks";
				PRODUCT_BUNDLE_IDENTIFIER = "com.nishan.ViewPager-Swift";
				PRODUCT_NAME = "$(TARGET_NAME)";
				SWIFT_VERSION = 5.0;
			};
			name = Release;
		};
/* End XCBuildConfiguration section */

/* Begin XCConfigurationList section */
		5F7D16C71C6A1F80006B63C2 /* Build configuration list for PBXProject "ViewPager-Swift" */ = {
			isa = XCConfigurationList;
			buildConfigurations = (
				5F7D16DC1C6A1F80006B63C2 /* Debug */,
				5F7D16DD1C6A1F80006B63C2 /* Release */,
			);
			defaultConfigurationIsVisible = 0;
			defaultConfigurationName = Release;
		};
		5F7D16DE1C6A1F80006B63C2 /* Build configuration list for PBXNativeTarget "ViewPager-Swift" */ = {
			isa = XCConfigurationList;
			buildConfigurations = (
				5F7D16DF1C6A1F80006B63C2 /* Debug */,
				5F7D16E01C6A1F80006B63C2 /* Release */,
			);
			defaultConfigurationIsVisible = 0;
			defaultConfigurationName = Release;
		};
/* End XCConfigurationList section */
	};
	rootObject = 5F7D16C41C6A1F80006B63C2 /* Project object */;
}
